
Microsoft Visual Studio Solution File, Format Version 12.00
# Visual Studio 15
VisualStudioVersion = 15.0.27130.2036
MinimumVisualStudioVersion = 10.0.40219.1
Project("{888888A0-9F3D-457C-B088-3A5042F75D52}") = "cellular-probabilistic", "cellular-probabilistic.pyproj", "{91B42B90-647E-40B6-B617-1BCCDD8C5581}"
EndProject
Global
	GlobalSection(SolutionConfigurationPlatforms) = preSolution
		Debug|Any CPU = Debug|Any CPU
		Release|Any CPU = Release|Any CPU
	EndGlobalSection
	GlobalSection(ProjectConfigurationPlatforms) = postSolution
		{91B42B90-647E-40B6-B617-1BCCDD8C5581}.Debug|Any CPU.ActiveCfg = Debug|Any CPU
		{91B42B90-647E-40B6-B617-1BCCDD8C5581}.Release|Any CPU.ActiveCfg = Release|Any CPU
	EndGlobalSection
	GlobalSection(SolutionProperties) = preSolution
		HideSolutionNode = FALSE
	EndGlobalSection
	GlobalSection(ExtensibilityGlobals) = postSolution
		SolutionGuid = {8161480E-3930-4472-912F-970BFAF39B77}
	EndGlobalSection
EndGlobal
